PODS:
  - AFNetworking (3.1.0):
    - AFNetworking/NSURLSession (= 3.1.0)
    - AFNetworking/Reachability (= 3.1.0)
    - AFNetworking/Security (= 3.1.0)
    - AFNetworking/Serialization (= 3.1.0)
    - AFNetworking/UIKit (= 3.1.0)
  - AFNetworking/NSURLSession (3.1.0):
    - AFNetworking/Reachability
    - AFNetworking/Security
    - AFNetworking/Serialization
  - AFNetworking/Reachability (3.1.0)
  - AFNetworking/Security (3.1.0)
  - AFNetworking/Serialization (3.1.0)
  - AFNetworking/UIKit (3.1.0):
    - AFNetworking/NSURLSession
  - AWSCore (2.5.7)
  - AWSS3 (2.5.7):
    - AWSCore (= 2.5.7)
  - Bolts (1.8.4):
    - Bolts/AppLinks (= 1.8.4)
    - Bolts/Tasks (= 1.8.4)
  - Bolts/AppLinks (1.8.4):
    - Bolts/Tasks
  - Bolts/Tasks (1.8.4)
  - Crashlytics (3.8.4):
    - Fabric (~> 1.6.3)
  - Fabric (1.6.11)
  - FacebookCore (0.2.0):
    - Bolts (~> 1.8)
    - FBSDKCoreKit (~> 4.15)
  - FacebookLogin (0.2.0):
    - Bolts (~> 1.8)
    - FacebookCore (~> 0.2)
    - FBSDKCoreKit (~> 4.15)
    - FBSDKLoginKit (~> 4.15)
  - FBSDKCoreKit (4.23.0):
    - Bolts (~> 1.7)
  - FBSDKLoginKit (4.23.0):
    - FBSDKCoreKit
  - MBProgressHUD (1.0.0)
  - Result (3.2.3)
  - RSKImageCropper (1.6.2)
  - SDWebImage (4.0.0):
    - SDWebImage/Core (= 4.0.0)
  - SDWebImage/Core (4.0.0)
  - SwiftyStoreKit (0.10.2)
  - TPKeyboardAvoiding (1.3.1)
  - UIImageViewAlignedSwift (0.4.1)
  - UITextView+Placeholder (1.2.0)

DEPENDENCIES:
  - AFNetworking
  - AWSS3
  - Crashlytics
  - Fabric
  - FacebookCore
  - FacebookLogin
  - MBProgressHUD (~> 1.0)
  - Result (~> 3.2)
  - RSKImageCropper
  - SDWebImage (~> 4.0)
  - SwiftyStoreKit
  - TPKeyboardAvoiding (~> 1.3)
  - UIImageViewAlignedSwift
  - UITextView+Placeholder

SPEC CHECKSUMS:
  AFNetworking: 5e0e199f73d8626b11e79750991f5d173d1f8b67
  AWSCore: 716d787cde0239b3e92f9b4151c052f55a117703
  AWSS3: a534d4f617fa1c3bd8f94a8b3bf12d7099536bd9
  Bolts: 8a7995239dbe724f9cba2248b766d48b7ebdd322
  Crashlytics: 79e236942ca1e7fc641df1feb9a275360a78ab6a
  Fabric: 5911403591946b8228ab1c51d98f1d7137e863c6
  FacebookCore: 2cb3f0fbff218e9d3119cec84bae983b232412de
  FacebookLogin: c9d606504735780a9e3002465a615512e0a691a5
  FBSDKCoreKit: d7829f5a69901cd7296105328e4c3c3fc7da6518
  FBSDKLoginKit: 6b92bd65f319d669d2b0730e49db495ef1660566
  MBProgressHUD: 4890f671c94e8a0f3cf959aa731e9de2f036d71a
  Result: 128640a6347e8d2ae48b142556739a2d13f90ce6
  RSKImageCropper: 3e579d0000945a8be1c0efdad728fd9e25c2fd79
  SDWebImage: 76a6348bdc74eb5a55dd08a091ef298e56b55e41
  SwiftyStoreKit: 2a2d776afd1f1427e64831c50b36b33d0f9a45f5
  TPKeyboardAvoiding: 0d6af20e95e2850f4c621841225b59ec7d8dd852
  UIImageViewAlignedSwift: e72ef2a85a75a01d19b4509ac92a3bdb872cd73c
  UITextView+Placeholder: 77680995fcdd07c3f52ec92fe1150874a2ac89ff

PODFILE CHECKSUM: a6904796cc387a5d4c24f8bfa303b0c856485a31

COCOAPODS: 1.2.0
