PODS:
  - Bolts (1.8.4):
    - Bolts/AppLinks (= 1.8.4)
    - Bolts/Tasks (= 1.8.4)
  - Bolts/AppLinks (1.8.4):
    - Bolts/Tasks
  - Bolts/Tasks (1.8.4)
  - FacebookCore (0.2.0):
    - Bolts (~> 1.8)
    - FBSDKCoreKit (~> 4.15)
  - FacebookLogin (0.2.0):
    - Bolts (~> 1.8)
    - FacebookCore (~> 0.2)
    - FBSDKCoreKit (~> 4.15)
    - FBSDKLoginKit (~> 4.15)
  - FacebookShare (0.2.0):
    - Bolts (~> 1.8)
    - FacebookCore (~> 0.2)
    - FBSDKCoreKit (~> 4.15)
    - FBSDKShareKit (~> 4.15)
  - FBSDKCoreKit (4.20.0):
    - Bolts (~> 1.7)
  - FBSDKLoginKit (4.20.0):
    - FBSDKCoreKit
  - FBSDKShareKit (4.20.0):
    - FBSDKCoreKit
  - TPKeyboardAvoiding (1.3.1)
  - UITextView+Placeholder (1.2.0)

DEPENDENCIES:
  - FacebookCore
  - FacebookLogin
  - FacebookShare
  - TPKeyboardAvoiding (~> 1.3)
  - UITextView+Placeholder

SPEC CHECKSUMS:
  Bolts: 8a7995239dbe724f9cba2248b766d48b7ebdd322
  FacebookCore: 2cb3f0fbff218e9d3119cec84bae983b232412de
  FacebookLogin: c9d606504735780a9e3002465a615512e0a691a5
  FacebookShare: 8e9ee8ea06505e6a1d3d719b0cc63e840fb8aaeb
  FBSDKCoreKit: 2d16979b28fe28c2b95af0d275ad5f9703c6c8de
  FBSDKLoginKit: a9d9391506c687e2304a590bf9312837fce7f375
  FBSDKShareKit: 1b91af62a603d67f392bc7fde63bc4a0705dde31
  TPKeyboardAvoiding: 0d6af20e95e2850f4c621841225b59ec7d8dd852
  UITextView+Placeholder: 77680995fcdd07c3f52ec92fe1150874a2ac89ff

PODFILE CHECKSUM: c72628a47ddd0b1582bfd6c2247685d00ebb18d5

COCOAPODS: 1.2.0
