// !$*UTF8*$!
{
	archiveVersion = 1;
	classes = {
	};
	objectVersion = 46;
	objects = {

/* Begin PBXBuildFile section */
		4325BE7C1E67185500A0F969 /* AppDelegate.swift in Sources */ = {isa = PBXBuildFile; fileRef = 4325BE7B1E67185500A0F969 /* AppDelegate.swift */; };
		4325BE811E67185500A0F969 /* Main.storyboard in Resources */ = {isa = PBXBuildFile; fileRef = 4325BE7F1E67185500A0F969 /* Main.storyboard */; };
		4325BE831E67185500A0F969 /* Assets.xcassets in Resources */ = {isa = PBXBuildFile; fileRef = 4325BE821E67185500A0F969 /* Assets.xcassets */; };
		4325BE861E67185500A0F969 /* LaunchScreen.storyboard in Resources */ = {isa = PBXBuildFile; fileRef = 4325BE841E67185500A0F969 /* LaunchScreen.storyboard */; };
		4325BE911E67185500A0F969 /* WodjarTests.swift in Sources */ = {isa = PBXBuildFile; fileRef = 4325BE901E67185500A0F969 /* WodjarTests.swift */; };
		4325BE9C1E67185500A0F969 /* WodjarUITests.swift in Sources */ = {isa = PBXBuildFile; fileRef = 4325BE9B1E67185500A0F969 /* WodjarUITests.swift */; };
		7976EB68A7A18DB547AE3C58 /* Pods_Wodjar.framework in Frameworks */ = {isa = PBXBuildFile; fileRef = 3BD1E7DC81B0E81B25A0CA56 /* Pods_Wodjar.framework */; };
		AE5985C73D8B16D340D78CDF /* Pods_WodjarTests.framework in Frameworks */ = {isa = PBXBuildFile; fileRef = AE88FC34463D554CAB60CE0F /* Pods_WodjarTests.framework */; };
		C45451E5AE3974B6E620C067 /* Pods_WodjarUITests.framework in Frameworks */ = {isa = PBXBuildFile; fileRef = 6019E54336EEF566A2917D5B /* Pods_WodjarUITests.framework */; };
		D310E5EB1E759EFE00AD6B74 /* PersonalRecordDetailsListViewController.swift in Sources */ = {isa = PBXBuildFile; fileRef = D310E5EA1E759EFE00AD6B74 /* PersonalRecordDetailsListViewController.swift */; };
		D310E5ED1E759FDF00AD6B74 /* PersonalRecordDetailTableViewCell.swift in Sources */ = {isa = PBXBuildFile; fileRef = D310E5EC1E759FDF00AD6B74 /* PersonalRecordDetailTableViewCell.swift */; };
		D310E5F01E76C7C000AD6B74 /* WodJurnalNavigationController.swift in Sources */ = {isa = PBXBuildFile; fileRef = D310E5EF1E76C7C000AD6B74 /* WodJurnalNavigationController.swift */; };
		D310E5F21E76C7DA00AD6B74 /* WodJurnalTabBarController.swift in Sources */ = {isa = PBXBuildFile; fileRef = D310E5F11E76C7DA00AD6B74 /* WodJurnalTabBarController.swift */; };
		D3BB36391E813E710078CE53 /* WODTypeTableViewController.swift in Sources */ = {isa = PBXBuildFile; fileRef = D3BB36381E813E710078CE53 /* WODTypeTableViewController.swift */; };
		D3BB363B1E814B150078CE53 /* CustomWODTypeTableViewController.swift in Sources */ = {isa = PBXBuildFile; fileRef = D3BB363A1E814B150078CE53 /* CustomWODTypeTableViewController.swift */; };
		D3BB363D1E814B340078CE53 /* DefaultWODTypeTableViewController.swift in Sources */ = {isa = PBXBuildFile; fileRef = D3BB363C1E814B340078CE53 /* DefaultWODTypeTableViewController.swift */; };
		D3BB36421E8245860078CE53 /* WODDetailsTableViewController.swift in Sources */ = {isa = PBXBuildFile; fileRef = D3BB36411E8245860078CE53 /* WODDetailsTableViewController.swift */; };
		D3BB36461E8245BD0078CE53 /* CustomWODDetailsViewController.swift in Sources */ = {isa = PBXBuildFile; fileRef = D3BB36451E8245BD0078CE53 /* CustomWODDetailsViewController.swift */; };
		D3BB36481E8245D20078CE53 /* DefaultWODDetailsViewController.swift in Sources */ = {isa = PBXBuildFile; fileRef = D3BB36471E8245D20078CE53 /* DefaultWODDetailsViewController.swift */; };
		D3BB364C1E824B4F0078CE53 /* WODImageTableViewCell.swift in Sources */ = {isa = PBXBuildFile; fileRef = D3BB364B1E824B4F0078CE53 /* WODImageTableViewCell.swift */; };
		D3BB36501E824B790078CE53 /* WODDescriptionTableViewCell.swift in Sources */ = {isa = PBXBuildFile; fileRef = D3BB364F1E824B790078CE53 /* WODDescriptionTableViewCell.swift */; };
		D3BB36541E824B9B0078CE53 /* WODVideoTableViewCell.swift in Sources */ = {isa = PBXBuildFile; fileRef = D3BB36531E824B9B0078CE53 /* WODVideoTableViewCell.swift */; };
		D3BB36561E824BC00078CE53 /* LogWODResultTableViewCell.swift in Sources */ = {isa = PBXBuildFile; fileRef = D3BB36551E824BC00078CE53 /* LogWODResultTableViewCell.swift */; };
		D3BB36581E824BD50078CE53 /* WODResultTableViewCell.swift in Sources */ = {isa = PBXBuildFile; fileRef = D3BB36571E824BD50078CE53 /* WODResultTableViewCell.swift */; };
		D3BB365E1E825FD50078CE53 /* WODResult.swift in Sources */ = {isa = PBXBuildFile; fileRef = D3BB365D1E825FD50078CE53 /* WODResult.swift */; };
		D3E695121E7936050060D9D2 /* WODTypesTableViewController.swift in Sources */ = {isa = PBXBuildFile; fileRef = D3E695111E7936050060D9D2 /* WODTypesTableViewController.swift */; };
		D3E695141E7936430060D9D2 /* WODTypeTableViewCell.swift in Sources */ = {isa = PBXBuildFile; fileRef = D3E695131E7936430060D9D2 /* WODTypeTableViewCell.swift */; };
		D3E695161E7936880060D9D2 /* Workout.swift in Sources */ = {isa = PBXBuildFile; fileRef = D3E695151E7936880060D9D2 /* Workout.swift */; };
		D3E695181E7937C00060D9D2 /* WorkoutList.swift in Sources */ = {isa = PBXBuildFile; fileRef = D3E695171E7937C00060D9D2 /* WorkoutList.swift */; };
		D3E9C7C11E6DCDDF007E8296 /* PersonalRecordViewController.swift in Sources */ = {isa = PBXBuildFile; fileRef = D3E9C7C01E6DCDDF007E8296 /* PersonalRecordViewController.swift */; };
		D3EB88F71E7050C80028F28A /* LoginViewController.swift in Sources */ = {isa = PBXBuildFile; fileRef = D3EB88F61E7050C80028F28A /* LoginViewController.swift */; };
		D3EB88FA1E7061430028F28A /* DateTextField.swift in Sources */ = {isa = PBXBuildFile; fileRef = D3EB88F91E7061430028F28A /* DateTextField.swift */; };
		D3EB88FD1E7193CD0028F28A /* PersonalRecord.swift in Sources */ = {isa = PBXBuildFile; fileRef = D3EB88FC1E7193CD0028F28A /* PersonalRecord.swift */; };
		D3EB89031E729A910028F28A /* PersonalRecordService.swift in Sources */ = {isa = PBXBuildFile; fileRef = D3EB89021E729A910028F28A /* PersonalRecordService.swift */; };
		D3EB89071E729AE30028F28A /* PersonalRecordRemoteService.swift in Sources */ = {isa = PBXBuildFile; fileRef = D3EB89061E729AE30028F28A /* PersonalRecordRemoteService.swift */; };
		D3EB890A1E729FD00028F28A /* PersonalRecordViewController+UI.swift in Sources */ = {isa = PBXBuildFile; fileRef = D3EB89091E729FD00028F28A /* PersonalRecordViewController+UI.swift */; };
		D3EB890C1E72AD080028F28A /* PersonalRecordViewController+ImagePicker.swift in Sources */ = {isa = PBXBuildFile; fileRef = D3EB890B1E72AD080028F28A /* PersonalRecordViewController+ImagePicker.swift */; };
		D3EB890E1E72C3F70028F28A /* PersonalRecordViewController+TimePicker.swift in Sources */ = {isa = PBXBuildFile; fileRef = D3EB890D1E72C3F70028F28A /* PersonalRecordViewController+TimePicker.swift */; };
		D3EB89131E72E00E0028F28A /* PersonalRecordsListViewController.swift in Sources */ = {isa = PBXBuildFile; fileRef = D3EB89121E72E00E0028F28A /* PersonalRecordsListViewController.swift */; };
		D3EB89151E72ED7C0028F28A /* PresonalRecordsListTableViewCell.swift in Sources */ = {isa = PBXBuildFile; fileRef = D3EB89141E72ED7C0028F28A /* PresonalRecordsListTableViewCell.swift */; };
		D3EB89171E72EF9D0028F28A /* PersonalRecordType.swift in Sources */ = {isa = PBXBuildFile; fileRef = D3EB89161E72EF9D0028F28A /* PersonalRecordType.swift */; };
		D3FD71411E6E00730047492D /* FullSizeImageViewController.swift in Sources */ = {isa = PBXBuildFile; fileRef = D3FD71401E6E00730047492D /* FullSizeImageViewController.swift */; };
/* End PBXBuildFile section */

/* Begin PBXContainerItemProxy section */
		4325BE8D1E67185500A0F969 /* PBXContainerItemProxy */ = {
			isa = PBXContainerItemProxy;
			containerPortal = 4325BE701E67185500A0F969 /* Project object */;
			proxyType = 1;
			remoteGlobalIDString = 4325BE771E67185500A0F969;
			remoteInfo = Wodjar;
		};
		4325BE981E67185500A0F969 /* PBXContainerItemProxy */ = {
			isa = PBXContainerItemProxy;
			containerPortal = 4325BE701E67185500A0F969 /* Project object */;
			proxyType = 1;
			remoteGlobalIDString = 4325BE771E67185500A0F969;
			remoteInfo = Wodjar;
		};
/* End PBXContainerItemProxy section */

/* Begin PBXFileReference section */
		26030A9548D7EEFFD71BEFA3 /* Pods-Wodjar.debug.xcconfig */ = {isa = PBXFileReference; includeInIndex = 1; lastKnownFileType = text.xcconfig; name = "Pods-Wodjar.debug.xcconfig"; path = "Pods/Target Support Files/Pods-Wodjar/Pods-Wodjar.debug.xcconfig"; sourceTree = "<group>"; };
		3BD1E7DC81B0E81B25A0CA56 /* Pods_Wodjar.framework */ = {isa = PBXFileReference; explicitFileType = wrapper.framework; includeInIndex = 0; path = Pods_Wodjar.framework; sourceTree = BUILT_PRODUCTS_DIR; };
		4325BE781E67185500A0F969 /* Wodjar.app */ = {isa = PBXFileReference; explicitFileType = wrapper.application; includeInIndex = 0; path = Wodjar.app; sourceTree = BUILT_PRODUCTS_DIR; };
		4325BE7B1E67185500A0F969 /* AppDelegate.swift */ = {isa = PBXFileReference; lastKnownFileType = sourcecode.swift; path = AppDelegate.swift; sourceTree = "<group>"; };
		4325BE801E67185500A0F969 /* Base */ = {isa = PBXFileReference; lastKnownFileType = file.storyboard; name = Base; path = Base.lproj/Main.storyboard; sourceTree = "<group>"; };
		4325BE821E67185500A0F969 /* Assets.xcassets */ = {isa = PBXFileReference; lastKnownFileType = folder.assetcatalog; path = Assets.xcassets; sourceTree = "<group>"; };
		4325BE851E67185500A0F969 /* Base */ = {isa = PBXFileReference; lastKnownFileType = file.storyboard; name = Base; path = Base.lproj/LaunchScreen.storyboard; sourceTree = "<group>"; };
		4325BE871E67185500A0F969 /* Info.plist */ = {isa = PBXFileReference; lastKnownFileType = text.plist.xml; path = Info.plist; sourceTree = "<group>"; };
		4325BE8C1E67185500A0F969 /* WodjarTests.xctest */ = {isa = PBXFileReference; explicitFileType = wrapper.cfbundle; includeInIndex = 0; path = WodjarTests.xctest; sourceTree = BUILT_PRODUCTS_DIR; };
		4325BE901E67185500A0F969 /* WodjarTests.swift */ = {isa = PBXFileReference; lastKnownFileType = sourcecode.swift; path = WodjarTests.swift; sourceTree = "<group>"; };
		4325BE921E67185500A0F969 /* Info.plist */ = {isa = PBXFileReference; lastKnownFileType = text.plist.xml; path = Info.plist; sourceTree = "<group>"; };
		4325BE971E67185500A0F969 /* WodjarUITests.xctest */ = {isa = PBXFileReference; explicitFileType = wrapper.cfbundle; includeInIndex = 0; path = WodjarUITests.xctest; sourceTree = BUILT_PRODUCTS_DIR; };
		4325BE9B1E67185500A0F969 /* WodjarUITests.swift */ = {isa = PBXFileReference; lastKnownFileType = sourcecode.swift; path = WodjarUITests.swift; sourceTree = "<group>"; };
		4325BE9D1E67185500A0F969 /* Info.plist */ = {isa = PBXFileReference; lastKnownFileType = text.plist.xml; path = Info.plist; sourceTree = "<group>"; };
		436736931E686C0E001659D7 /* Wodjar.entitlements */ = {isa = PBXFileReference; lastKnownFileType = text.plist.entitlements; path = Wodjar.entitlements; sourceTree = "<group>"; };
		6019E54336EEF566A2917D5B /* Pods_WodjarUITests.framework */ = {isa = PBXFileReference; explicitFileType = wrapper.framework; includeInIndex = 0; path = Pods_WodjarUITests.framework; sourceTree = BUILT_PRODUCTS_DIR; };
		98340F3818D9B7BA367DBDF6 /* Pods-WodjarUITests.release.xcconfig */ = {isa = PBXFileReference; includeInIndex = 1; lastKnownFileType = text.xcconfig; name = "Pods-WodjarUITests.release.xcconfig"; path = "Pods/Target Support Files/Pods-WodjarUITests/Pods-WodjarUITests.release.xcconfig"; sourceTree = "<group>"; };
		AE88FC34463D554CAB60CE0F /* Pods_WodjarTests.framework */ = {isa = PBXFileReference; explicitFileType = wrapper.framework; includeInIndex = 0; path = Pods_WodjarTests.framework; sourceTree = BUILT_PRODUCTS_DIR; };
		BCE78EDCCB4B31E473D07182 /* Pods-WodjarTests.release.xcconfig */ = {isa = PBXFileReference; includeInIndex = 1; lastKnownFileType = text.xcconfig; name = "Pods-WodjarTests.release.xcconfig"; path = "Pods/Target Support Files/Pods-WodjarTests/Pods-WodjarTests.release.xcconfig"; sourceTree = "<group>"; };
		C1220ABC4B8853E1FB02BD04 /* Pods-WodjarTests.debug.xcconfig */ = {isa = PBXFileReference; includeInIndex = 1; lastKnownFileType = text.xcconfig; name = "Pods-WodjarTests.debug.xcconfig"; path = "Pods/Target Support Files/Pods-WodjarTests/Pods-WodjarTests.debug.xcconfig"; sourceTree = "<group>"; };
		D310E5EA1E759EFE00AD6B74 /* PersonalRecordDetailsListViewController.swift */ = {isa = PBXFileReference; fileEncoding = 4; lastKnownFileType = sourcecode.swift; path = PersonalRecordDetailsListViewController.swift; sourceTree = "<group>"; };
		D310E5EC1E759FDF00AD6B74 /* PersonalRecordDetailTableViewCell.swift */ = {isa = PBXFileReference; fileEncoding = 4; lastKnownFileType = sourcecode.swift; path = PersonalRecordDetailTableViewCell.swift; sourceTree = "<group>"; };
		D310E5EF1E76C7C000AD6B74 /* WodJurnalNavigationController.swift */ = {isa = PBXFileReference; fileEncoding = 4; lastKnownFileType = sourcecode.swift; path = WodJurnalNavigationController.swift; sourceTree = "<group>"; };
		D310E5F11E76C7DA00AD6B74 /* WodJurnalTabBarController.swift */ = {isa = PBXFileReference; fileEncoding = 4; lastKnownFileType = sourcecode.swift; path = WodJurnalTabBarController.swift; sourceTree = "<group>"; };
		D3BB36381E813E710078CE53 /* WODTypeTableViewController.swift */ = {isa = PBXFileReference; fileEncoding = 4; lastKnownFileType = sourcecode.swift; path = WODTypeTableViewController.swift; sourceTree = "<group>"; };
		D3BB363A1E814B150078CE53 /* CustomWODTypeTableViewController.swift */ = {isa = PBXFileReference; fileEncoding = 4; lastKnownFileType = sourcecode.swift; path = CustomWODTypeTableViewController.swift; sourceTree = "<group>"; };
		D3BB363C1E814B340078CE53 /* DefaultWODTypeTableViewController.swift */ = {isa = PBXFileReference; fileEncoding = 4; lastKnownFileType = sourcecode.swift; path = DefaultWODTypeTableViewController.swift; sourceTree = "<group>"; };
		D3BB36411E8245860078CE53 /* WODDetailsTableViewController.swift */ = {isa = PBXFileReference; fileEncoding = 4; lastKnownFileType = sourcecode.swift; path = WODDetailsTableViewController.swift; sourceTree = "<group>"; };
		D3BB36451E8245BD0078CE53 /* CustomWODDetailsViewController.swift */ = {isa = PBXFileReference; fileEncoding = 4; lastKnownFileType = sourcecode.swift; path = CustomWODDetailsViewController.swift; sourceTree = "<group>"; };
		D3BB36471E8245D20078CE53 /* DefaultWODDetailsViewController.swift */ = {isa = PBXFileReference; fileEncoding = 4; lastKnownFileType = sourcecode.swift; path = DefaultWODDetailsViewController.swift; sourceTree = "<group>"; };
		D3BB364B1E824B4F0078CE53 /* WODImageTableViewCell.swift */ = {isa = PBXFileReference; fileEncoding = 4; lastKnownFileType = sourcecode.swift; path = WODImageTableViewCell.swift; sourceTree = "<group>"; };
		D3BB364F1E824B790078CE53 /* WODDescriptionTableViewCell.swift */ = {isa = PBXFileReference; fileEncoding = 4; lastKnownFileType = sourcecode.swift; path = WODDescriptionTableViewCell.swift; sourceTree = "<group>"; };
		D3BB36531E824B9B0078CE53 /* WODVideoTableViewCell.swift */ = {isa = PBXFileReference; fileEncoding = 4; lastKnownFileType = sourcecode.swift; path = WODVideoTableViewCell.swift; sourceTree = "<group>"; };
		D3BB36551E824BC00078CE53 /* LogWODResultTableViewCell.swift */ = {isa = PBXFileReference; fileEncoding = 4; lastKnownFileType = sourcecode.swift; path = LogWODResultTableViewCell.swift; sourceTree = "<group>"; };
		D3BB36571E824BD50078CE53 /* WODResultTableViewCell.swift */ = {isa = PBXFileReference; fileEncoding = 4; lastKnownFileType = sourcecode.swift; path = WODResultTableViewCell.swift; sourceTree = "<group>"; };
		D3BB365D1E825FD50078CE53 /* WODResult.swift */ = {isa = PBXFileReference; fileEncoding = 4; lastKnownFileType = sourcecode.swift; path = WODResult.swift; sourceTree = "<group>"; };
		D3E695111E7936050060D9D2 /* WODTypesTableViewController.swift */ = {isa = PBXFileReference; fileEncoding = 4; lastKnownFileType = sourcecode.swift; path = WODTypesTableViewController.swift; sourceTree = "<group>"; };
		D3E695131E7936430060D9D2 /* WODTypeTableViewCell.swift */ = {isa = PBXFileReference; fileEncoding = 4; lastKnownFileType = sourcecode.swift; path = WODTypeTableViewCell.swift; sourceTree = "<group>"; };
		D3E695151E7936880060D9D2 /* Workout.swift */ = {isa = PBXFileReference; fileEncoding = 4; lastKnownFileType = sourcecode.swift; path = Workout.swift; sourceTree = "<group>"; };
		D3E695171E7937C00060D9D2 /* WorkoutList.swift */ = {isa = PBXFileReference; fileEncoding = 4; lastKnownFileType = sourcecode.swift; path = WorkoutList.swift; sourceTree = "<group>"; };
		D3E9C7C01E6DCDDF007E8296 /* PersonalRecordViewController.swift */ = {isa = PBXFileReference; fileEncoding = 4; lastKnownFileType = sourcecode.swift; path = PersonalRecordViewController.swift; sourceTree = "<group>"; };
		D3EB88F61E7050C80028F28A /* LoginViewController.swift */ = {isa = PBXFileReference; fileEncoding = 4; lastKnownFileType = sourcecode.swift; path = LoginViewController.swift; sourceTree = "<group>"; };
		D3EB88F91E7061430028F28A /* DateTextField.swift */ = {isa = PBXFileReference; fileEncoding = 4; lastKnownFileType = sourcecode.swift; path = DateTextField.swift; sourceTree = "<group>"; };
		D3EB88FC1E7193CD0028F28A /* PersonalRecord.swift */ = {isa = PBXFileReference; fileEncoding = 4; lastKnownFileType = sourcecode.swift; path = PersonalRecord.swift; sourceTree = "<group>"; };
		D3EB89021E729A910028F28A /* PersonalRecordService.swift */ = {isa = PBXFileReference; fileEncoding = 4; lastKnownFileType = sourcecode.swift; path = PersonalRecordService.swift; sourceTree = "<group>"; };
		D3EB89061E729AE30028F28A /* PersonalRecordRemoteService.swift */ = {isa = PBXFileReference; fileEncoding = 4; lastKnownFileType = sourcecode.swift; path = PersonalRecordRemoteService.swift; sourceTree = "<group>"; };
		D3EB89091E729FD00028F28A /* PersonalRecordViewController+UI.swift */ = {isa = PBXFileReference; fileEncoding = 4; lastKnownFileType = sourcecode.swift; path = "PersonalRecordViewController+UI.swift"; sourceTree = "<group>"; };
		D3EB890B1E72AD080028F28A /* PersonalRecordViewController+ImagePicker.swift */ = {isa = PBXFileReference; fileEncoding = 4; lastKnownFileType = sourcecode.swift; path = "PersonalRecordViewController+ImagePicker.swift"; sourceTree = "<group>"; };
		D3EB890D1E72C3F70028F28A /* PersonalRecordViewController+TimePicker.swift */ = {isa = PBXFileReference; fileEncoding = 4; lastKnownFileType = sourcecode.swift; path = "PersonalRecordViewController+TimePicker.swift"; sourceTree = "<group>"; };
		D3EB89121E72E00E0028F28A /* PersonalRecordsListViewController.swift */ = {isa = PBXFileReference; fileEncoding = 4; lastKnownFileType = sourcecode.swift; path = PersonalRecordsListViewController.swift; sourceTree = "<group>"; };
		D3EB89141E72ED7C0028F28A /* PresonalRecordsListTableViewCell.swift */ = {isa = PBXFileReference; fileEncoding = 4; lastKnownFileType = sourcecode.swift; path = PresonalRecordsListTableViewCell.swift; sourceTree = "<group>"; };
		D3EB89161E72EF9D0028F28A /* PersonalRecordType.swift */ = {isa = PBXFileReference; fileEncoding = 4; lastKnownFileType = sourcecode.swift; path = PersonalRecordType.swift; sourceTree = "<group>"; };
		D3FD71401E6E00730047492D /* FullSizeImageViewController.swift */ = {isa = PBXFileReference; fileEncoding = 4; lastKnownFileType = sourcecode.swift; path = FullSizeImageViewController.swift; sourceTree = "<group>"; };
		ECD97B1867118548A03461ED /* Pods-Wodjar.release.xcconfig */ = {isa = PBXFileReference; includeInIndex = 1; lastKnownFileType = text.xcconfig; name = "Pods-Wodjar.release.xcconfig"; path = "Pods/Target Support Files/Pods-Wodjar/Pods-Wodjar.release.xcconfig"; sourceTree = "<group>"; };
		F4F253F68B19059302B926F9 /* Pods-WodjarUITests.debug.xcconfig */ = {isa = PBXFileReference; includeInIndex = 1; lastKnownFileType = text.xcconfig; name = "Pods-WodjarUITests.debug.xcconfig"; path = "Pods/Target Support Files/Pods-WodjarUITests/Pods-WodjarUITests.debug.xcconfig"; sourceTree = "<group>"; };
/* End PBXFileReference section */

/* Begin PBXFrameworksBuildPhase section */
		4325BE751E67185500A0F969 /* Frameworks */ = {
			isa = PBXFrameworksBuildPhase;
			buildActionMask = 2147483647;
			files = (
				7976EB68A7A18DB547AE3C58 /* Pods_Wodjar.framework in Frameworks */,
			);
			runOnlyForDeploymentPostprocessing = 0;
		};
		4325BE891E67185500A0F969 /* Frameworks */ = {
			isa = PBXFrameworksBuildPhase;
			buildActionMask = 2147483647;
			files = (
				AE5985C73D8B16D340D78CDF /* Pods_WodjarTests.framework in Frameworks */,
			);
			runOnlyForDeploymentPostprocessing = 0;
		};
		4325BE941E67185500A0F969 /* Frameworks */ = {
			isa = PBXFrameworksBuildPhase;
			buildActionMask = 2147483647;
			files = (
				C45451E5AE3974B6E620C067 /* Pods_WodjarUITests.framework in Frameworks */,
			);
			runOnlyForDeploymentPostprocessing = 0;
		};
/* End PBXFrameworksBuildPhase section */

/* Begin PBXGroup section */
		4325BE6F1E67185500A0F969 = {
			isa = PBXGroup;
			children = (
				4325BE7A1E67185500A0F969 /* WodJar */,
				4325BE8F1E67185500A0F969 /* WodjarTests */,
				4325BE9A1E67185500A0F969 /* WodjarUITests */,
				4325BE791E67185500A0F969 /* Products */,
				C9FB49C48F4DE12AAD481917 /* Pods */,
				685B67A253EF450686AB3F73 /* Frameworks */,
			);
			sourceTree = "<group>";
		};
		4325BE791E67185500A0F969 /* Products */ = {
			isa = PBXGroup;
			children = (
				4325BE781E67185500A0F969 /* Wodjar.app */,
				4325BE8C1E67185500A0F969 /* WodjarTests.xctest */,
				4325BE971E67185500A0F969 /* WodjarUITests.xctest */,
			);
			name = Products;
			sourceTree = "<group>";
		};
		4325BE7A1E67185500A0F969 /* WodJar */ = {
			isa = PBXGroup;
			children = (
				436736931E686C0E001659D7 /* Wodjar.entitlements */,
				D3EB89041E729ABB0028F28A /* RemoteServices */,
				D3EB89011E729A590028F28A /* Services */,
				D3EB88FB1E7193B30028F28A /* Models */,
				D3EB88F81E7061230028F28A /* Views */,
				4325BEA91E67190400A0F969 /* Controllers */,
				4325BE7B1E67185500A0F969 /* AppDelegate.swift */,
				4325BE7F1E67185500A0F969 /* Main.storyboard */,
				4325BE821E67185500A0F969 /* Assets.xcassets */,
				4325BE841E67185500A0F969 /* LaunchScreen.storyboard */,
				4325BE871E67185500A0F969 /* Info.plist */,
			);
			name = WodJar;
			path = Wodjar;
			sourceTree = "<group>";
		};
		4325BE8F1E67185500A0F969 /* WodjarTests */ = {
			isa = PBXGroup;
			children = (
				4325BE901E67185500A0F969 /* WodjarTests.swift */,
				4325BE921E67185500A0F969 /* Info.plist */,
			);
			path = WodjarTests;
			sourceTree = "<group>";
		};
		4325BE9A1E67185500A0F969 /* WodjarUITests */ = {
			isa = PBXGroup;
			children = (
				4325BE9B1E67185500A0F969 /* WodjarUITests.swift */,
				4325BE9D1E67185500A0F969 /* Info.plist */,
			);
			path = WodjarUITests;
			sourceTree = "<group>";
		};
		4325BEA91E67190400A0F969 /* Controllers */ = {
			isa = PBXGroup;
			children = (
				D3E6950F1E7935B90060D9D2 /* WODs */,
				D3E6950E1E7935A70060D9D2 /* PersonalRecord */,
				D310E5EE1E76C78C00AD6B74 /* CustomBaseClasses */,
				D3FD71401E6E00730047492D /* FullSizeImageViewController.swift */,
				D3EB88F61E7050C80028F28A /* LoginViewController.swift */,
			);
			name = Controllers;
			sourceTree = "<group>";
		};
		685B67A253EF450686AB3F73 /* Frameworks */ = {
			isa = PBXGroup;
			children = (
				3BD1E7DC81B0E81B25A0CA56 /* Pods_Wodjar.framework */,
				AE88FC34463D554CAB60CE0F /* Pods_WodjarTests.framework */,
				6019E54336EEF566A2917D5B /* Pods_WodjarUITests.framework */,
			);
			name = Frameworks;
			sourceTree = "<group>";
		};
		C9FB49C48F4DE12AAD481917 /* Pods */ = {
			isa = PBXGroup;
			children = (
				26030A9548D7EEFFD71BEFA3 /* Pods-Wodjar.debug.xcconfig */,
				ECD97B1867118548A03461ED /* Pods-Wodjar.release.xcconfig */,
				C1220ABC4B8853E1FB02BD04 /* Pods-WodjarTests.debug.xcconfig */,
				BCE78EDCCB4B31E473D07182 /* Pods-WodjarTests.release.xcconfig */,
				F4F253F68B19059302B926F9 /* Pods-WodjarUITests.debug.xcconfig */,
				98340F3818D9B7BA367DBDF6 /* Pods-WodjarUITests.release.xcconfig */,
			);
			name = Pods;
			sourceTree = "<group>";
		};
		D310E5E91E759EC300AD6B74 /* PersonalRecordsDetailsListController */ = {
			isa = PBXGroup;
			children = (
				D310E5EA1E759EFE00AD6B74 /* PersonalRecordDetailsListViewController.swift */,
				D310E5EC1E759FDF00AD6B74 /* PersonalRecordDetailTableViewCell.swift */,
			);
			name = PersonalRecordsDetailsListController;
			sourceTree = "<group>";
		};
		D310E5EE1E76C78C00AD6B74 /* CustomBaseClasses */ = {
			isa = PBXGroup;
			children = (
				D310E5EF1E76C7C000AD6B74 /* WodJurnalNavigationController.swift */,
				D310E5F11E76C7DA00AD6B74 /* WodJurnalTabBarController.swift */,
			);
			name = CustomBaseClasses;
			sourceTree = "<group>";
		};
		D3BB36371E813E4E0078CE53 /* WODTypeController */ = {
			isa = PBXGroup;
			children = (
				D3BB36381E813E710078CE53 /* WODTypeTableViewController.swift */,
				D3BB363A1E814B150078CE53 /* CustomWODTypeTableViewController.swift */,
				D3BB363C1E814B340078CE53 /* DefaultWODTypeTableViewController.swift */,
			);
			name = WODTypeController;
			sourceTree = "<group>";
		};
		D3BB363E1E8244F50078CE53 /* WODDetailsController */ = {
			isa = PBXGroup;
			children = (
				D3BB364A1E824B260078CE53 /* WODDetailsCells */,
				D3BB36411E8245860078CE53 /* WODDetailsTableViewController.swift */,
				D3BB36451E8245BD0078CE53 /* CustomWODDetailsViewController.swift */,
				D3BB36471E8245D20078CE53 /* DefaultWODDetailsViewController.swift */,
			);
			name = WODDetailsController;
			sourceTree = "<group>";
		};
		D3BB364A1E824B260078CE53 /* WODDetailsCells */ = {
			isa = PBXGroup;
			children = (
				D3BB364B1E824B4F0078CE53 /* WODImageTableViewCell.swift */,
				D3BB364F1E824B790078CE53 /* WODDescriptionTableViewCell.swift */,
				D3BB36531E824B9B0078CE53 /* WODVideoTableViewCell.swift */,
				D3BB36551E824BC00078CE53 /* LogWODResultTableViewCell.swift */,
				D3BB36571E824BD50078CE53 /* WODResultTableViewCell.swift */,
			);
			name = WODDetailsCells;
			sourceTree = "<group>";
		};
		D3E6950E1E7935A70060D9D2 /* PersonalRecord */ = {
			isa = PBXGroup;
			children = (
				D310E5E91E759EC300AD6B74 /* PersonalRecordsDetailsListController */,
				D3EB890F1E72D0560028F28A /* PersonalRecordsListController */,
				D3EB89081E729F8D0028F28A /* PersonalRecordViewController */,
			);
			name = PersonalRecord;
			sourceTree = "<group>";
		};
		D3E6950F1E7935B90060D9D2 /* WODs */ = {
			isa = PBXGroup;
			children = (
				D3BB363E1E8244F50078CE53 /* WODDetailsController */,
				D3BB36371E813E4E0078CE53 /* WODTypeController */,
				D3E695101E7935CC0060D9D2 /* WODTypesController */,
			);
			name = WODs;
			sourceTree = "<group>";
		};
		D3E695101E7935CC0060D9D2 /* WODTypesController */ = {
			isa = PBXGroup;
			children = (
				D3E695111E7936050060D9D2 /* WODTypesTableViewController.swift */,
				D3E695131E7936430060D9D2 /* WODTypeTableViewCell.swift */,
			);
			name = WODTypesController;
			sourceTree = "<group>";
		};
		D3EB88F81E7061230028F28A /* Views */ = {
			isa = PBXGroup;
			children = (
				D3EB88F91E7061430028F28A /* DateTextField.swift */,
			);
			name = Views;
			sourceTree = "<group>";
		};
		D3EB88FB1E7193B30028F28A /* Models */ = {
			isa = PBXGroup;
			children = (
				D3EB88FC1E7193CD0028F28A /* PersonalRecord.swift */,
				D3EB89161E72EF9D0028F28A /* PersonalRecordType.swift */,
				D3E695151E7936880060D9D2 /* Workout.swift */,
				D3E695171E7937C00060D9D2 /* WorkoutList.swift */,
				D3BB365D1E825FD50078CE53 /* WODResult.swift */,
			);
			name = Models;
			sourceTree = "<group>";
		};
		D3EB89011E729A590028F28A /* Services */ = {
			isa = PBXGroup;
			children = (
				D3EB89021E729A910028F28A /* PersonalRecordService.swift */,
			);
			name = Services;
			sourceTree = "<group>";
		};
		D3EB89041E729ABB0028F28A /* RemoteServices */ = {
			isa = PBXGroup;
			children = (
				D3EB89051E729ACE0028F28A /* PersonalRecordRemoteServices */,
			);
			name = RemoteServices;
			sourceTree = "<group>";
		};
		D3EB89051E729ACE0028F28A /* PersonalRecordRemoteServices */ = {
			isa = PBXGroup;
			children = (
				D3EB89061E729AE30028F28A /* PersonalRecordRemoteService.swift */,
			);
			name = PersonalRecordRemoteServices;
			sourceTree = "<group>";
		};
		D3EB89081E729F8D0028F28A /* PersonalRecordViewController */ = {
			isa = PBXGroup;
			children = (
				D3E9C7C01E6DCDDF007E8296 /* PersonalRecordViewController.swift */,
				D3EB89091E729FD00028F28A /* PersonalRecordViewController+UI.swift */,
				D3EB890B1E72AD080028F28A /* PersonalRecordViewController+ImagePicker.swift */,
				D3EB890D1E72C3F70028F28A /* PersonalRecordViewController+TimePicker.swift */,
			);
			name = PersonalRecordViewController;
			sourceTree = "<group>";
		};
		D3EB890F1E72D0560028F28A /* PersonalRecordsListController */ = {
			isa = PBXGroup;
			children = (
				D3EB89121E72E00E0028F28A /* PersonalRecordsListViewController.swift */,
				D3EB89141E72ED7C0028F28A /* PresonalRecordsListTableViewCell.swift */,
			);
			name = PersonalRecordsListController;
			sourceTree = "<group>";
		};
/* End PBXGroup section */

/* Begin PBXNativeTarget section */
		4325BE771E67185500A0F969 /* Wodjar */ = {
			isa = PBXNativeTarget;
			buildConfigurationList = 4325BEA01E67185500A0F969 /* Build configuration list for PBXNativeTarget "Wodjar" */;
			buildPhases = (
				439F39E2FB6446EE32412C3B /* [CP] Check Pods Manifest.lock */,
				4325BE741E67185500A0F969 /* Sources */,
				4325BE751E67185500A0F969 /* Frameworks */,
				4325BE761E67185500A0F969 /* Resources */,
				781482562D9C555F95A0A6F4 /* [CP] Embed Pods Frameworks */,
				F75B0DD46D766FC5CD8C829A /* [CP] Copy Pods Resources */,
			);
			buildRules = (
			);
			dependencies = (
			);
			name = Wodjar;
			productName = Wodjar;
			productReference = 4325BE781E67185500A0F969 /* Wodjar.app */;
			productType = "com.apple.product-type.application";
		};
		4325BE8B1E67185500A0F969 /* WodjarTests */ = {
			isa = PBXNativeTarget;
			buildConfigurationList = 4325BEA31E67185500A0F969 /* Build configuration list for PBXNativeTarget "WodjarTests" */;
			buildPhases = (
				1EAB4FE25452807C3E14B5B6 /* [CP] Check Pods Manifest.lock */,
				4325BE881E67185500A0F969 /* Sources */,
				4325BE891E67185500A0F969 /* Frameworks */,
				4325BE8A1E67185500A0F969 /* Resources */,
				8ADCBC19EC170C4CBC210A7E /* [CP] Embed Pods Frameworks */,
				C679F0BD38D5419889A9E83B /* [CP] Copy Pods Resources */,
			);
			buildRules = (
			);
			dependencies = (
				4325BE8E1E67185500A0F969 /* PBXTargetDependency */,
			);
			name = WodjarTests;
			productName = WodjarTests;
			productReference = 4325BE8C1E67185500A0F969 /* WodjarTests.xctest */;
			productType = "com.apple.product-type.bundle.unit-test";
		};
		4325BE961E67185500A0F969 /* WodjarUITests */ = {
			isa = PBXNativeTarget;
			buildConfigurationList = 4325BEA61E67185500A0F969 /* Build configuration list for PBXNativeTarget "WodjarUITests" */;
			buildPhases = (
				6D021226BE3A10C96B6CBF27 /* [CP] Check Pods Manifest.lock */,
				4325BE931E67185500A0F969 /* Sources */,
				4325BE941E67185500A0F969 /* Frameworks */,
				4325BE951E67185500A0F969 /* Resources */,
				A95B4658F6B1A0AEE5B7BB19 /* [CP] Embed Pods Frameworks */,
				7210E11F630A456D70D73860 /* [CP] Copy Pods Resources */,
			);
			buildRules = (
			);
			dependencies = (
				4325BE991E67185500A0F969 /* PBXTargetDependency */,
			);
			name = WodjarUITests;
			productName = WodjarUITests;
			productReference = 4325BE971E67185500A0F969 /* WodjarUITests.xctest */;
			productType = "com.apple.product-type.bundle.ui-testing";
		};
/* End PBXNativeTarget section */

/* Begin PBXProject section */
		4325BE701E67185500A0F969 /* Project object */ = {
			isa = PBXProject;
			attributes = {
				LastSwiftUpdateCheck = 0820;
				LastUpgradeCheck = 0820;
				ORGANIZATIONNAME = X2Mobile;
				TargetAttributes = {
					4325BE771E67185500A0F969 = {
						CreatedOnToolsVersion = 8.2;
						DevelopmentTeam = 39446JG6PB;
						ProvisioningStyle = Automatic;
						SystemCapabilities = {
							com.apple.Keychain = {
								enabled = 1;
							};
						};
					};
					4325BE8B1E67185500A0F969 = {
						CreatedOnToolsVersion = 8.2;
						DevelopmentTeam = 39446JG6PB;
						ProvisioningStyle = Automatic;
						TestTargetID = 4325BE771E67185500A0F969;
					};
					4325BE961E67185500A0F969 = {
						CreatedOnToolsVersion = 8.2;
						DevelopmentTeam = 39446JG6PB;
						ProvisioningStyle = Automatic;
						TestTargetID = 4325BE771E67185500A0F969;
					};
				};
			};
			buildConfigurationList = 4325BE731E67185500A0F969 /* Build configuration list for PBXProject "Wodjar" */;
			compatibilityVersion = "Xcode 3.2";
			developmentRegion = English;
			hasScannedForEncodings = 0;
			knownRegions = (
				en,
				Base,
			);
			mainGroup = 4325BE6F1E67185500A0F969;
			productRefGroup = 4325BE791E67185500A0F969 /* Products */;
			projectDirPath = "";
			projectRoot = "";
			targets = (
				4325BE771E67185500A0F969 /* Wodjar */,
				4325BE8B1E67185500A0F969 /* WodjarTests */,
				4325BE961E67185500A0F969 /* WodjarUITests */,
			);
		};
/* End PBXProject section */

/* Begin PBXResourcesBuildPhase section */
		4325BE761E67185500A0F969 /* Resources */ = {
			isa = PBXResourcesBuildPhase;
			buildActionMask = 2147483647;
			files = (
				4325BE861E67185500A0F969 /* LaunchScreen.storyboard in Resources */,
				4325BE831E67185500A0F969 /* Assets.xcassets in Resources */,
				4325BE811E67185500A0F969 /* Main.storyboard in Resources */,
			);
			runOnlyForDeploymentPostprocessing = 0;
		};
		4325BE8A1E67185500A0F969 /* Resources */ = {
			isa = PBXResourcesBuildPhase;
			buildActionMask = 2147483647;
			files = (
			);
			runOnlyForDeploymentPostprocessing = 0;
		};
		4325BE951E67185500A0F969 /* Resources */ = {
			isa = PBXResourcesBuildPhase;
			buildActionMask = 2147483647;
			files = (
			);
			runOnlyForDeploymentPostprocessing = 0;
		};
/* End PBXResourcesBuildPhase section */

/* Begin PBXShellScriptBuildPhase section */
		1EAB4FE25452807C3E14B5B6 /* [CP] Check Pods Manifest.lock */ = {
			isa = PBXShellScriptBuildPhase;
			buildActionMask = 2147483647;
			files = (
			);
			inputPaths = (
			);
			name = "[CP] Check Pods Manifest.lock";
			outputPaths = (
			);
			runOnlyForDeploymentPostprocessing = 0;
			shellPath = /bin/sh;
			shellScript = "diff \"${PODS_ROOT}/../Podfile.lock\" \"${PODS_ROOT}/Manifest.lock\" > /dev/null\nif [ $? != 0 ] ; then\n    # print error to STDERR\n    echo \"error: The sandbox is not in sync with the Podfile.lock. Run 'pod install' or update your CocoaPods installation.\" >&2\n    exit 1\nfi\n";
			showEnvVarsInLog = 0;
		};
		439F39E2FB6446EE32412C3B /* [CP] Check Pods Manifest.lock */ = {
			isa = PBXShellScriptBuildPhase;
			buildActionMask = 2147483647;
			files = (
			);
			inputPaths = (
			);
			name = "[CP] Check Pods Manifest.lock";
			outputPaths = (
			);
			runOnlyForDeploymentPostprocessing = 0;
			shellPath = /bin/sh;
			shellScript = "diff \"${PODS_ROOT}/../Podfile.lock\" \"${PODS_ROOT}/Manifest.lock\" > /dev/null\nif [ $? != 0 ] ; then\n    # print error to STDERR\n    echo \"error: The sandbox is not in sync with the Podfile.lock. Run 'pod install' or update your CocoaPods installation.\" >&2\n    exit 1\nfi\n";
			showEnvVarsInLog = 0;
		};
		6D021226BE3A10C96B6CBF27 /* [CP] Check Pods Manifest.lock */ = {
			isa = PBXShellScriptBuildPhase;
			buildActionMask = 2147483647;
			files = (
			);
			inputPaths = (
			);
			name = "[CP] Check Pods Manifest.lock";
			outputPaths = (
			);
			runOnlyForDeploymentPostprocessing = 0;
			shellPath = /bin/sh;
			shellScript = "diff \"${PODS_ROOT}/../Podfile.lock\" \"${PODS_ROOT}/Manifest.lock\" > /dev/null\nif [ $? != 0 ] ; then\n    # print error to STDERR\n    echo \"error: The sandbox is not in sync with the Podfile.lock. Run 'pod install' or update your CocoaPods installation.\" >&2\n    exit 1\nfi\n";
			showEnvVarsInLog = 0;
		};
		7210E11F630A456D70D73860 /* [CP] Copy Pods Resources */ = {
			isa = PBXShellScriptBuildPhase;
			buildActionMask = 2147483647;
			files = (
			);
			inputPaths = (
			);
			name = "[CP] Copy Pods Resources";
			outputPaths = (
			);
			runOnlyForDeploymentPostprocessing = 0;
			shellPath = /bin/sh;
			shellScript = "\"${SRCROOT}/Pods/Target Support Files/Pods-WodjarUITests/Pods-WodjarUITests-resources.sh\"\n";
			showEnvVarsInLog = 0;
		};
		781482562D9C555F95A0A6F4 /* [CP] Embed Pods Frameworks */ = {
			isa = PBXShellScriptBuildPhase;
			buildActionMask = 2147483647;
			files = (
			);
			inputPaths = (
			);
			name = "[CP] Embed Pods Frameworks";
			outputPaths = (
			);
			runOnlyForDeploymentPostprocessing = 0;
			shellPath = /bin/sh;
			shellScript = "\"${SRCROOT}/Pods/Target Support Files/Pods-Wodjar/Pods-Wodjar-frameworks.sh\"\n";
			showEnvVarsInLog = 0;
		};
		8ADCBC19EC170C4CBC210A7E /* [CP] Embed Pods Frameworks */ = {
			isa = PBXShellScriptBuildPhase;
			buildActionMask = 2147483647;
			files = (
			);
			inputPaths = (
			);
			name = "[CP] Embed Pods Frameworks";
			outputPaths = (
			);
			runOnlyForDeploymentPostprocessing = 0;
			shellPath = /bin/sh;
			shellScript = "\"${SRCROOT}/Pods/Target Support Files/Pods-WodjarTests/Pods-WodjarTests-frameworks.sh\"\n";
			showEnvVarsInLog = 0;
		};
		A95B4658F6B1A0AEE5B7BB19 /* [CP] Embed Pods Frameworks */ = {
			isa = PBXShellScriptBuildPhase;
			buildActionMask = 2147483647;
			files = (
			);
			inputPaths = (
			);
			name = "[CP] Embed Pods Frameworks";
			outputPaths = (
			);
			runOnlyForDeploymentPostprocessing = 0;
			shellPath = /bin/sh;
			shellScript = "\"${SRCROOT}/Pods/Target Support Files/Pods-WodjarUITests/Pods-WodjarUITests-frameworks.sh\"\n";
			showEnvVarsInLog = 0;
		};
		C679F0BD38D5419889A9E83B /* [CP] Copy Pods Resources */ = {
			isa = PBXShellScriptBuildPhase;
			buildActionMask = 2147483647;
			files = (
			);
			inputPaths = (
			);
			name = "[CP] Copy Pods Resources";
			outputPaths = (
			);
			runOnlyForDeploymentPostprocessing = 0;
			shellPath = /bin/sh;
			shellScript = "\"${SRCROOT}/Pods/Target Support Files/Pods-WodjarTests/Pods-WodjarTests-resources.sh\"\n";
			showEnvVarsInLog = 0;
		};
		F75B0DD46D766FC5CD8C829A /* [CP] Copy Pods Resources */ = {
			isa = PBXShellScriptBuildPhase;
			buildActionMask = 2147483647;
			files = (
			);
			inputPaths = (
			);
			name = "[CP] Copy Pods Resources";
			outputPaths = (
			);
			runOnlyForDeploymentPostprocessing = 0;
			shellPath = /bin/sh;
			shellScript = "\"${SRCROOT}/Pods/Target Support Files/Pods-Wodjar/Pods-Wodjar-resources.sh\"\n";
			showEnvVarsInLog = 0;
		};
/* End PBXShellScriptBuildPhase section */

/* Begin PBXSourcesBuildPhase section */
		4325BE741E67185500A0F969 /* Sources */ = {
			isa = PBXSourcesBuildPhase;
			buildActionMask = 2147483647;
			files = (
				D3E695141E7936430060D9D2 /* WODTypeTableViewCell.swift in Sources */,
				D3E695181E7937C00060D9D2 /* WorkoutList.swift in Sources */,
				D310E5F21E76C7DA00AD6B74 /* WodJurnalTabBarController.swift in Sources */,
				D3E695161E7936880060D9D2 /* Workout.swift in Sources */,
				D3BB363D1E814B340078CE53 /* DefaultWODTypeTableViewController.swift in Sources */,
				D3BB364C1E824B4F0078CE53 /* WODImageTableViewCell.swift in Sources */,
				D3EB88F71E7050C80028F28A /* LoginViewController.swift in Sources */,
				D3EB89071E729AE30028F28A /* PersonalRecordRemoteService.swift in Sources */,
				D3EB89171E72EF9D0028F28A /* PersonalRecordType.swift in Sources */,
				4325BE7C1E67185500A0F969 /* AppDelegate.swift in Sources */,
				D3BB36461E8245BD0078CE53 /* CustomWODDetailsViewController.swift in Sources */,
				D3BB365E1E825FD50078CE53 /* WODResult.swift in Sources */,
				D3EB890A1E729FD00028F28A /* PersonalRecordViewController+UI.swift in Sources */,
				D3EB89151E72ED7C0028F28A /* PresonalRecordsListTableViewCell.swift in Sources */,
				D3EB89031E729A910028F28A /* PersonalRecordService.swift in Sources */,
				D3E695121E7936050060D9D2 /* WODTypesTableViewController.swift in Sources */,
				D310E5EB1E759EFE00AD6B74 /* PersonalRecordDetailsListViewController.swift in Sources */,
				D3BB36561E824BC00078CE53 /* LogWODResultTableViewCell.swift in Sources */,
				D3BB36391E813E710078CE53 /* WODTypeTableViewController.swift in Sources */,
				D3BB36481E8245D20078CE53 /* DefaultWODDetailsViewController.swift in Sources */,
				D310E5F01E76C7C000AD6B74 /* WodJurnalNavigationController.swift in Sources */,
				D3BB363B1E814B150078CE53 /* CustomWODTypeTableViewController.swift in Sources */,
				D3BB36501E824B790078CE53 /* WODDescriptionTableViewCell.swift in Sources */,
				D3E9C7C11E6DCDDF007E8296 /* PersonalRecordViewController.swift in Sources */,
				D3EB890C1E72AD080028F28A /* PersonalRecordViewController+ImagePicker.swift in Sources */,
				D3EB88FA1E7061430028F28A /* DateTextField.swift in Sources */,
				D310E5ED1E759FDF00AD6B74 /* PersonalRecordDetailTableViewCell.swift in Sources */,
				D3BB36541E824B9B0078CE53 /* WODVideoTableViewCell.swift in Sources */,
				D3EB88FD1E7193CD0028F28A /* PersonalRecord.swift in Sources */,
				D3EB890E1E72C3F70028F28A /* PersonalRecordViewController+TimePicker.swift in Sources */,
				D3BB36421E8245860078CE53 /* WODDetailsTableViewController.swift in Sources */,
				D3FD71411E6E00730047492D /* FullSizeImageViewController.swift in Sources */,
				D3EB89131E72E00E0028F28A /* PersonalRecordsListViewController.swift in Sources */,
				D3BB36581E824BD50078CE53 /* WODResultTableViewCell.swift in Sources */,
			);
			runOnlyForDeploymentPostprocessing = 0;
		};
		4325BE881E67185500A0F969 /* Sources */ = {
			isa = PBXSourcesBuildPhase;
			buildActionMask = 2147483647;
			files = (
				4325BE911E67185500A0F969 /* WodjarTests.swift in Sources */,
			);
			runOnlyForDeploymentPostprocessing = 0;
		};
		4325BE931E67185500A0F969 /* Sources */ = {
			isa = PBXSourcesBuildPhase;
			buildActionMask = 2147483647;
			files = (
				4325BE9C1E67185500A0F969 /* WodjarUITests.swift in Sources */,
			);
			runOnlyForDeploymentPostprocessing = 0;
		};
/* End PBXSourcesBuildPhase section */

/* Begin PBXTargetDependency section */
		4325BE8E1E67185500A0F969 /* PBXTargetDependency */ = {
			isa = PBXTargetDependency;
			target = 4325BE771E67185500A0F969 /* Wodjar */;
			targetProxy = 4325BE8D1E67185500A0F969 /* PBXContainerItemProxy */;
		};
		4325BE991E67185500A0F969 /* PBXTargetDependency */ = {
			isa = PBXTargetDependency;
			target = 4325BE771E67185500A0F969 /* Wodjar */;
			targetProxy = 4325BE981E67185500A0F969 /* PBXContainerItemProxy */;
		};
/* End PBXTargetDependency section */

/* Begin PBXVariantGroup section */
		4325BE7F1E67185500A0F969 /* Main.storyboard */ = {
			isa = PBXVariantGroup;
			children = (
				4325BE801E67185500A0F969 /* Base */,
			);
			name = Main.storyboard;
			sourceTree = "<group>";
		};
		4325BE841E67185500A0F969 /* LaunchScreen.storyboard */ = {
			isa = PBXVariantGroup;
			children = (
				4325BE851E67185500A0F969 /* Base */,
			);
			name = LaunchScreen.storyboard;
			sourceTree = "<group>";
		};
/* End PBXVariantGroup section */

/* Begin XCBuildConfiguration section */
		4325BE9E1E67185500A0F969 /* Debug */ = {
			isa = XCBuildConfiguration;
			buildSettings = {
				ALWAYS_SEARCH_USER_PATHS = NO;
				CLANG_ANALYZER_NONNULL = YES;
				CLANG_CXX_LANGUAGE_STANDARD = "gnu++0x";
				CLANG_CXX_LIBRARY = "libc++";
				CLANG_ENABLE_MODULES = YES;
				CLANG_ENABLE_OBJC_ARC = YES;
				CLANG_WARN_BOOL_CONVERSION = YES;
				CLANG_WARN_CONSTANT_CONVERSION = YES;
				CLANG_WARN_DIRECT_OBJC_ISA_USAGE = YES_ERROR;
				CLANG_WARN_DOCUMENTATION_COMMENTS = YES;
				CLANG_WARN_EMPTY_BODY = YES;
				CLANG_WARN_ENUM_CONVERSION = YES;
				CLANG_WARN_INFINITE_RECURSION = YES;
				CLANG_WARN_INT_CONVERSION = YES;
				CLANG_WARN_OBJC_ROOT_CLASS = YES_ERROR;
				CLANG_WARN_SUSPICIOUS_MOVE = YES;
				CLANG_WARN_UNREACHABLE_CODE = YES;
				CLANG_WARN__DUPLICATE_METHOD_MATCH = YES;
				"CODE_SIGN_IDENTITY[sdk=iphoneos*]" = "iPhone Developer";
				COPY_PHASE_STRIP = NO;
				DEBUG_INFORMATION_FORMAT = dwarf;
				ENABLE_STRICT_OBJC_MSGSEND = YES;
				ENABLE_TESTABILITY = YES;
				GCC_C_LANGUAGE_STANDARD = gnu99;
				GCC_DYNAMIC_NO_PIC = NO;
				GCC_NO_COMMON_BLOCKS = YES;
				GCC_OPTIMIZATION_LEVEL = 0;
				GCC_PREPROCESSOR_DEFINITIONS = (
					"DEBUG=1",
					"$(inherited)",
				);
				GCC_WARN_64_TO_32_BIT_CONVERSION = YES;
				GCC_WARN_ABOUT_RETURN_TYPE = YES_ERROR;
				GCC_WARN_UNDECLARED_SELECTOR = YES;
				GCC_WARN_UNINITIALIZED_AUTOS = YES_AGGRESSIVE;
				GCC_WARN_UNUSED_FUNCTION = YES;
				GCC_WARN_UNUSED_VARIABLE = YES;
				IPHONEOS_DEPLOYMENT_TARGET = 10.2;
				MTL_ENABLE_DEBUG_INFO = YES;
				ONLY_ACTIVE_ARCH = YES;
				SDKROOT = iphoneos;
				SWIFT_ACTIVE_COMPILATION_CONDITIONS = DEBUG;
				SWIFT_OPTIMIZATION_LEVEL = "-Onone";
			};
			name = Debug;
		};
		4325BE9F1E67185500A0F969 /* Release */ = {
			isa = XCBuildConfiguration;
			buildSettings = {
				ALWAYS_SEARCH_USER_PATHS = NO;
				CLANG_ANALYZER_NONNULL = YES;
				CLANG_CXX_LANGUAGE_STANDARD = "gnu++0x";
				CLANG_CXX_LIBRARY = "libc++";
				CLANG_ENABLE_MODULES = YES;
				CLANG_ENABLE_OBJC_ARC = YES;
				CLANG_WARN_BOOL_CONVERSION = YES;
				CLANG_WARN_CONSTANT_CONVERSION = YES;
				CLANG_WARN_DIRECT_OBJC_ISA_USAGE = YES_ERROR;
				CLANG_WARN_DOCUMENTATION_COMMENTS = YES;
				CLANG_WARN_EMPTY_BODY = YES;
				CLANG_WARN_ENUM_CONVERSION = YES;
				CLANG_WARN_INFINITE_RECURSION = YES;
				CLANG_WARN_INT_CONVERSION = YES;
				CLANG_WARN_OBJC_ROOT_CLASS = YES_ERROR;
				CLANG_WARN_SUSPICIOUS_MOVE = YES;
				CLANG_WARN_UNREACHABLE_CODE = YES;
				CLANG_WARN__DUPLICATE_METHOD_MATCH = YES;
				"CODE_SIGN_IDENTITY[sdk=iphoneos*]" = "iPhone Developer";
				COPY_PHASE_STRIP = NO;
				DEBUG_INFORMATION_FORMAT = "dwarf-with-dsym";
				ENABLE_NS_ASSERTIONS = NO;
				ENABLE_STRICT_OBJC_MSGSEND = YES;
				GCC_C_LANGUAGE_STANDARD = gnu99;
				GCC_NO_COMMON_BLOCKS = YES;
				GCC_WARN_64_TO_32_BIT_CONVERSION = YES;
				GCC_WARN_ABOUT_RETURN_TYPE = YES_ERROR;
				GCC_WARN_UNDECLARED_SELECTOR = YES;
				GCC_WARN_UNINITIALIZED_AUTOS = YES_AGGRESSIVE;
				GCC_WARN_UNUSED_FUNCTION = YES;
				GCC_WARN_UNUSED_VARIABLE = YES;
				IPHONEOS_DEPLOYMENT_TARGET = 10.2;
				MTL_ENABLE_DEBUG_INFO = NO;
				SDKROOT = iphoneos;
				SWIFT_OPTIMIZATION_LEVEL = "-Owholemodule";
				VALIDATE_PRODUCT = YES;
			};
			name = Release;
		};
		4325BEA11E67185500A0F969 /* Debug */ = {
			isa = XCBuildConfiguration;
			baseConfigurationReference = 26030A9548D7EEFFD71BEFA3 /* Pods-Wodjar.debug.xcconfig */;
			buildSettings = {
				ALWAYS_EMBED_SWIFT_STANDARD_LIBRARIES = YES;
				ASSETCATALOG_COMPILER_APPICON_NAME = AppIcon;
				CODE_SIGN_ENTITLEMENTS = Wodjar/Wodjar.entitlements;
				DEVELOPMENT_TEAM = 39446JG6PB;
				FRAMEWORK_SEARCH_PATHS = (
					"$(inherited)",
					"$(PROJECT_DIR)",
				);
				INFOPLIST_FILE = Wodjar/Info.plist;
				LD_RUNPATH_SEARCH_PATHS = "$(inherited) @executable_path/Frameworks";
				PRODUCT_BUNDLE_IDENTIFIER = com.X2Mobille.Wodjar;
				PRODUCT_NAME = "$(TARGET_NAME)";
				SWIFT_VERSION = 3.0;
			};
			name = Debug;
		};
		4325BEA21E67185500A0F969 /* Release */ = {
			isa = XCBuildConfiguration;
			baseConfigurationReference = ECD97B1867118548A03461ED /* Pods-Wodjar.release.xcconfig */;
			buildSettings = {
				ALWAYS_EMBED_SWIFT_STANDARD_LIBRARIES = YES;
				ASSETCATALOG_COMPILER_APPICON_NAME = AppIcon;
				CODE_SIGN_ENTITLEMENTS = Wodjar/Wodjar.entitlements;
				DEVELOPMENT_TEAM = 39446JG6PB;
				FRAMEWORK_SEARCH_PATHS = (
					"$(inherited)",
					"$(PROJECT_DIR)",
				);
				INFOPLIST_FILE = Wodjar/Info.plist;
				LD_RUNPATH_SEARCH_PATHS = "$(inherited) @executable_path/Frameworks";
				PRODUCT_BUNDLE_IDENTIFIER = com.X2Mobille.Wodjar;
				PRODUCT_NAME = "$(TARGET_NAME)";
				SWIFT_VERSION = 3.0;
			};
			name = Release;
		};
		4325BEA41E67185500A0F969 /* Debug */ = {
			isa = XCBuildConfiguration;
			baseConfigurationReference = C1220ABC4B8853E1FB02BD04 /* Pods-WodjarTests.debug.xcconfig */;
			buildSettings = {
				ALWAYS_EMBED_SWIFT_STANDARD_LIBRARIES = YES;
				BUNDLE_LOADER = "$(TEST_HOST)";
				DEVELOPMENT_TEAM = 39446JG6PB;
				INFOPLIST_FILE = WodjarTests/Info.plist;
				LD_RUNPATH_SEARCH_PATHS = "$(inherited) @executable_path/Frameworks @loader_path/Frameworks";
				PRODUCT_BUNDLE_IDENTIFIER = com.X2Mobille.WodjarTests;
				PRODUCT_NAME = "$(TARGET_NAME)";
				SWIFT_VERSION = 3.0;
				TEST_HOST = "$(BUILT_PRODUCTS_DIR)/Wodjar.app/Wodjar";
			};
			name = Debug;
		};
		4325BEA51E67185500A0F969 /* Release */ = {
			isa = XCBuildConfiguration;
			baseConfigurationReference = BCE78EDCCB4B31E473D07182 /* Pods-WodjarTests.release.xcconfig */;
			buildSettings = {
				ALWAYS_EMBED_SWIFT_STANDARD_LIBRARIES = YES;
				BUNDLE_LOADER = "$(TEST_HOST)";
				DEVELOPMENT_TEAM = 39446JG6PB;
				INFOPLIST_FILE = WodjarTests/Info.plist;
				LD_RUNPATH_SEARCH_PATHS = "$(inherited) @executable_path/Frameworks @loader_path/Frameworks";
				PRODUCT_BUNDLE_IDENTIFIER = com.X2Mobille.WodjarTests;
				PRODUCT_NAME = "$(TARGET_NAME)";
				SWIFT_VERSION = 3.0;
				TEST_HOST = "$(BUILT_PRODUCTS_DIR)/Wodjar.app/Wodjar";
			};
			name = Release;
		};
		4325BEA71E67185500A0F969 /* Debug */ = {
			isa = XCBuildConfiguration;
			baseConfigurationReference = F4F253F68B19059302B926F9 /* Pods-WodjarUITests.debug.xcconfig */;
			buildSettings = {
				ALWAYS_EMBED_SWIFT_STANDARD_LIBRARIES = YES;
				DEVELOPMENT_TEAM = 39446JG6PB;
				INFOPLIST_FILE = WodjarUITests/Info.plist;
				LD_RUNPATH_SEARCH_PATHS = "$(inherited) @executable_path/Frameworks @loader_path/Frameworks";
				PRODUCT_BUNDLE_IDENTIFIER = com.X2Mobille.WodjarUITests;
				PRODUCT_NAME = "$(TARGET_NAME)";
				SWIFT_VERSION = 3.0;
				TEST_TARGET_NAME = Wodjar;
			};
			name = Debug;
		};
		4325BEA81E67185500A0F969 /* Release */ = {
			isa = XCBuildConfiguration;
			baseConfigurationReference = 98340F3818D9B7BA367DBDF6 /* Pods-WodjarUITests.release.xcconfig */;
			buildSettings = {
				ALWAYS_EMBED_SWIFT_STANDARD_LIBRARIES = YES;
				DEVELOPMENT_TEAM = 39446JG6PB;
				INFOPLIST_FILE = WodjarUITests/Info.plist;
				LD_RUNPATH_SEARCH_PATHS = "$(inherited) @executable_path/Frameworks @loader_path/Frameworks";
				PRODUCT_BUNDLE_IDENTIFIER = com.X2Mobille.WodjarUITests;
				PRODUCT_NAME = "$(TARGET_NAME)";
				SWIFT_VERSION = 3.0;
				TEST_TARGET_NAME = Wodjar;
			};
			name = Release;
		};
/* End XCBuildConfiguration section */

/* Begin XCConfigurationList section */
		4325BE731E67185500A0F969 /* Build configuration list for PBXProject "Wodjar" */ = {
			isa = XCConfigurationList;
			buildConfigurations = (
				4325BE9E1E67185500A0F969 /* Debug */,
				4325BE9F1E67185500A0F969 /* Release */,
			);
			defaultConfigurationIsVisible = 0;
			defaultConfigurationName = Release;
		};
		4325BEA01E67185500A0F969 /* Build configuration list for PBXNativeTarget "Wodjar" */ = {
			isa = XCConfigurationList;
			buildConfigurations = (
				4325BEA11E67185500A0F969 /* Debug */,
				4325BEA21E67185500A0F969 /* Release */,
			);
			defaultConfigurationIsVisible = 0;
			defaultConfigurationName = Release;
		};
		4325BEA31E67185500A0F969 /* Build configuration list for PBXNativeTarget "WodjarTests" */ = {
			isa = XCConfigurationList;
			buildConfigurations = (
				4325BEA41E67185500A0F969 /* Debug */,
				4325BEA51E67185500A0F969 /* Release */,
			);
			defaultConfigurationIsVisible = 0;
			defaultConfigurationName = Release;
		};
		4325BEA61E67185500A0F969 /* Build configuration list for PBXNativeTarget "WodjarUITests" */ = {
			isa = XCConfigurationList;
			buildConfigurations = (
				4325BEA71E67185500A0F969 /* Debug */,
				4325BEA81E67185500A0F969 /* Release */,
			);
			defaultConfigurationIsVisible = 0;
			defaultConfigurationName = Release;
		};
/* End XCConfigurationList section */
	};
	rootObject = 4325BE701E67185500A0F969 /* Project object */;
}
